// !$*UTF8*$!
{
	archiveVersion = 1;
	classes = {
	};
	objectVersion = 56;
	objects = {

/* Begin PBXBuildFile section */
		3919A5E22DBFEFFD0024B201 /* ScanView.swift in Sources */ = {isa = PBXBuildFile; fileRef = 3919A5E12DBFEFFD0024B201 /* ScanView.swift */; };
		3919A5E42DBFF0170024B201 /* TopUpView.swift in Sources */ = {isa = PBXBuildFile; fileRef = 3919A5E32DBFF0170024B201 /* TopUpView.swift */; };
		3919A5E62DBFF02A0024B201 /* ProfileView.swift in Sources */ = {isa = PBXBuildFile; fileRef = 3919A5E52DBFF02A0024B201 /* ProfileView.swift */; };
		3919A5E82DBFF0420024B201 /* CustomizeView.swift in Sources */ = {isa = PBXBuildFile; fileRef = 3919A5E72DBFF0420024B201 /* CustomizeView.swift */; };
		397A50C02DD3EA9300A70D1B /* TransactionRecord.swift in Sources */ = {isa = PBXBuildFile; fileRef = 397A50BF2DD3EA9300A70D1B /* TransactionRecord.swift */; };
		397A50C22DD3EF9D00A70D1B /* NotificationView.swift in Sources */ = {isa = PBXBuildFile; fileRef = 397A50C12DD3EF9D00A70D1B /* NotificationView.swift */; };
		39A475D62DD23D06000F87AF /* CoinStatusView.swift in Sources */ = {isa = PBXBuildFile; fileRef = 39A475D52DD23D06000F87AF /* CoinStatusView.swift */; };
		39A475D92DD23D21000F87AF /* ChangePassView.swift in Sources */ = {isa = PBXBuildFile; fileRef = 39A475D72DD23D21000F87AF /* ChangePassView.swift */; };
		39A475DA2DD23D21000F87AF /* InformationView.swift in Sources */ = {isa = PBXBuildFile; fileRef = 39A475D82DD23D21000F87AF /* InformationView.swift */; };
		39A475DE2DD25386000F87AF /* TranscriptSelectionView.swift in Sources */ = {isa = PBXBuildFile; fileRef = 39A475DD2DD25386000F87AF /* TranscriptSelectionView.swift */; };
		39D6F2962DC1511F008C84DE /* CommunityView.swift in Sources */ = {isa = PBXBuildFile; fileRef = 39D6F2952DC1511F008C84DE /* CommunityView.swift */; };
		39D6F2982DC1517F008C84DE /* FriendListView.swift in Sources */ = {isa = PBXBuildFile; fileRef = 39D6F2972DC1517F008C84DE /* FriendListView.swift */; };
		39D6F29A2DC1519A008C84DE /* GroupListView.swift in Sources */ = {isa = PBXBuildFile; fileRef = 39D6F2992DC1519A008C84DE /* GroupListView.swift */; };
		39D6F29E2DC151F8008C84DE /* TrendView.swift in Sources */ = {isa = PBXBuildFile; fileRef = 39D6F29D2DC151F8008C84DE /* TrendView.swift */; };
		F70F6D112DBFEC1400C24C27 /* LoginView.swift in Sources */ = {isa = PBXBuildFile; fileRef = F70F6D102DBFEC1400C24C27 /* LoginView.swift */; };
		F70F6D132DBFEC2400C24C27 /* RegisterView.swift in Sources */ = {isa = PBXBuildFile; fileRef = F70F6D122DBFEC2400C24C27 /* RegisterView.swift */; };
		F70F6D152DBFEC2F00C24C27 /* HomeView.swift in Sources */ = {isa = PBXBuildFile; fileRef = F70F6D142DBFEC2F00C24C27 /* HomeView.swift */; };
		F731AA2D2DCAC28000DEB0E7 /* GroupInvitationInboxView.swift in Sources */ = {isa = PBXBuildFile; fileRef = F731AA2C2DCAC28000DEB0E7 /* GroupInvitationInboxView.swift */; };
		F76D15302DC22E5A001056E6 /* FirebaseDatabase in Frameworks */ = {isa = PBXBuildFile; productRef = F76D152F2DC22E5A001056E6 /* FirebaseDatabase */; };
		F76D15342DC23CA4001056E6 /* AuthManager.swift in Sources */ = {isa = PBXBuildFile; fileRef = F76D15332DC23CA4001056E6 /* AuthManager.swift */; };
		F76D15362DC24FF1001056E6 /* FirebaseFirestore in Frameworks */ = {isa = PBXBuildFile; productRef = F76D15352DC24FF1001056E6 /* FirebaseFirestore */; };
		F76D15392DC2BC93001056E6 /* AddFriendView.swift in Sources */ = {isa = PBXBuildFile; fileRef = F76D15382DC2BC93001056E6 /* AddFriendView.swift */; };
		F76D850F2DC3EC0B0000F441 /* FirebaseStorage in Frameworks */ = {isa = PBXBuildFile; productRef = F76D850E2DC3EC0B0000F441 /* FirebaseStorage */; };
		F76D85112DC3F0050000F441 /* CreateGroupView.swift in Sources */ = {isa = PBXBuildFile; fileRef = F76D85102DC3F0050000F441 /* CreateGroupView.swift */; };
		F76D85152DC3F6DE0000F441 /* String+Extensions.swift in Sources */ = {isa = PBXBuildFile; fileRef = F76D85142DC3F6DE0000F441 /* String+Extensions.swift */; };
		F76D85192DC3F8FF0000F441 /* Groups.swift in Sources */ = {isa = PBXBuildFile; fileRef = F76D85182DC3F8FF0000F441 /* Groups.swift */; };
		F76D851B2DC3F9A50000F441 /* Model.swift in Sources */ = {isa = PBXBuildFile; fileRef = F76D851A2DC3F9A50000F441 /* Model.swift */; };
		F79139762DC17A3D00C4E6D9 /* FirebaseAnalytics in Frameworks */ = {isa = PBXBuildFile; productRef = F79139752DC17A3D00C4E6D9 /* FirebaseAnalytics */; };
		F79139822DC17A3D00C4E6D9 /* FirebaseAuth in Frameworks */ = {isa = PBXBuildFile; productRef = F79139812DC17A3D00C4E6D9 /* FirebaseAuth */; };
		F7B8AD3A2DC1698500AE2D9F /* FriendDetailView.swift in Sources */ = {isa = PBXBuildFile; fileRef = F7B8AD392DC1698500AE2D9F /* FriendDetailView.swift */; };
		F7B8AD3C2DC1699800AE2D9F /* GroupDetailView.swift in Sources */ = {isa = PBXBuildFile; fileRef = F7B8AD3B2DC1699800AE2D9F /* GroupDetailView.swift */; };
		F7B8AD4B2DC175BA00AE2D9F /* GoogleService-Info.plist in Resources */ = {isa = PBXBuildFile; fileRef = F7B8AD4A2DC175BA00AE2D9F /* GoogleService-Info.plist */; };
		F7BB788D2DD1936F0057DC9A /* Camera.swift in Sources */ = {isa = PBXBuildFile; fileRef = F7BB788C2DD1936F0057DC9A /* Camera.swift */; };
		F7BB788F2DD193970057DC9A /* CameraPreview.swift in Sources */ = {isa = PBXBuildFile; fileRef = F7BB788E2DD193970057DC9A /* CameraPreview.swift */; };
		F7BB78912DD193BC0057DC9A /* CameraUI.swift in Sources */ = {isa = PBXBuildFile; fileRef = F7BB78902DD193BC0057DC9A /* CameraUI.swift */; };
		F7BB78932DD193D90057DC9A /* ImageView.swift in Sources */ = {isa = PBXBuildFile; fileRef = F7BB78922DD193D90057DC9A /* ImageView.swift */; };
		F7BB78952DD194080057DC9A /* TextRecognition.swift in Sources */ = {isa = PBXBuildFile; fileRef = F7BB78942DD194080057DC9A /* TextRecognition.swift */; };
		F7BB78972DD194310057DC9A /* TranscriptView.swift in Sources */ = {isa = PBXBuildFile; fileRef = F7BB78962DD194310057DC9A /* TranscriptView.swift */; };
		F7BB78992DD194720057DC9A /* PromptpayView.swift in Sources */ = {isa = PBXBuildFile; fileRef = F7BB78982DD194720057DC9A /* PromptpayView.swift */; };
		F7BB789B2DD194AC0057DC9A /* ExchangeView.swift in Sources */ = {isa = PBXBuildFile; fileRef = F7BB789A2DD194AC0057DC9A /* ExchangeView.swift */; };
		F7DA0EB02DBCEC9B00DD8016 /* KlaHanApp.swift in Sources */ = {isa = PBXBuildFile; fileRef = F7DA0EAF2DBCEC9B00DD8016 /* KlaHanApp.swift */; };
		F7DA0EB22DBCEC9B00DD8016 /* ContentView.swift in Sources */ = {isa = PBXBuildFile; fileRef = F7DA0EB12DBCEC9B00DD8016 /* ContentView.swift */; };
		F7DA0EB42DBCEC9D00DD8016 /* Assets.xcassets in Resources */ = {isa = PBXBuildFile; fileRef = F7DA0EB32DBCEC9D00DD8016 /* Assets.xcassets */; };
		F7DA0EB72DBCEC9D00DD8016 /* Preview Assets.xcassets in Resources */ = {isa = PBXBuildFile; fileRef = F7DA0EB62DBCEC9D00DD8016 /* Preview Assets.xcassets */; };
/* End PBXBuildFile section */

/* Begin PBXFileReference section */
		3919A5E12DBFEFFD0024B201 /* ScanView.swift */ = {isa = PBXFileReference; lastKnownFileType = sourcecode.swift; path = ScanView.swift; sourceTree = "<group>"; };
		3919A5E32DBFF0170024B201 /* TopUpView.swift */ = {isa = PBXFileReference; lastKnownFileType = sourcecode.swift; path = TopUpView.swift; sourceTree = "<group>"; };
		3919A5E52DBFF02A0024B201 /* ProfileView.swift */ = {isa = PBXFileReference; lastKnownFileType = sourcecode.swift; path = ProfileView.swift; sourceTree = "<group>"; };
		3919A5E72DBFF0420024B201 /* CustomizeView.swift */ = {isa = PBXFileReference; lastKnownFileType = sourcecode.swift; path = CustomizeView.swift; sourceTree = "<group>"; };
		397A50BF2DD3EA9300A70D1B /* TransactionRecord.swift */ = {isa = PBXFileReference; lastKnownFileType = sourcecode.swift; path = TransactionRecord.swift; sourceTree = "<group>"; };
		397A50C12DD3EF9D00A70D1B /* NotificationView.swift */ = {isa = PBXFileReference; lastKnownFileType = sourcecode.swift; path = NotificationView.swift; sourceTree = "<group>"; };
		39A475D52DD23D06000F87AF /* CoinStatusView.swift */ = {isa = PBXFileReference; lastKnownFileType = sourcecode.swift; path = CoinStatusView.swift; sourceTree = "<group>"; };
		39A475D72DD23D21000F87AF /* ChangePassView.swift */ = {isa = PBXFileReference; lastKnownFileType = sourcecode.swift; path = ChangePassView.swift; sourceTree = "<group>"; };
		39A475D82DD23D21000F87AF /* InformationView.swift */ = {isa = PBXFileReference; lastKnownFileType = sourcecode.swift; path = InformationView.swift; sourceTree = "<group>"; };
		39A475DD2DD25386000F87AF /* TranscriptSelectionView.swift */ = {isa = PBXFileReference; lastKnownFileType = sourcecode.swift; path = TranscriptSelectionView.swift; sourceTree = "<group>"; };
		39D6F2952DC1511F008C84DE /* CommunityView.swift */ = {isa = PBXFileReference; lastKnownFileType = sourcecode.swift; path = CommunityView.swift; sourceTree = "<group>"; };
		39D6F2972DC1517F008C84DE /* FriendListView.swift */ = {isa = PBXFileReference; lastKnownFileType = sourcecode.swift; path = FriendListView.swift; sourceTree = "<group>"; };
		39D6F2992DC1519A008C84DE /* GroupListView.swift */ = {isa = PBXFileReference; lastKnownFileType = sourcecode.swift; path = GroupListView.swift; sourceTree = "<group>"; };
		39D6F29D2DC151F8008C84DE /* TrendView.swift */ = {isa = PBXFileReference; lastKnownFileType = sourcecode.swift; path = TrendView.swift; sourceTree = "<group>"; };
		F70F6D102DBFEC1400C24C27 /* LoginView.swift */ = {isa = PBXFileReference; lastKnownFileType = sourcecode.swift; path = LoginView.swift; sourceTree = "<group>"; };
		F70F6D122DBFEC2400C24C27 /* RegisterView.swift */ = {isa = PBXFileReference; lastKnownFileType = sourcecode.swift; path = RegisterView.swift; sourceTree = "<group>"; };
		F70F6D142DBFEC2F00C24C27 /* HomeView.swift */ = {isa = PBXFileReference; lastKnownFileType = sourcecode.swift; path = HomeView.swift; sourceTree = "<group>"; };
		F731AA2C2DCAC28000DEB0E7 /* GroupInvitationInboxView.swift */ = {isa = PBXFileReference; lastKnownFileType = sourcecode.swift; path = GroupInvitationInboxView.swift; sourceTree = "<group>"; };
		F76D15332DC23CA4001056E6 /* AuthManager.swift */ = {isa = PBXFileReference; lastKnownFileType = sourcecode.swift; path = AuthManager.swift; sourceTree = "<group>"; };
		F76D15382DC2BC93001056E6 /* AddFriendView.swift */ = {isa = PBXFileReference; lastKnownFileType = sourcecode.swift; path = AddFriendView.swift; sourceTree = "<group>"; };
		F76D85102DC3F0050000F441 /* CreateGroupView.swift */ = {isa = PBXFileReference; lastKnownFileType = sourcecode.swift; path = CreateGroupView.swift; sourceTree = "<group>"; };
		F76D85142DC3F6DE0000F441 /* String+Extensions.swift */ = {isa = PBXFileReference; lastKnownFileType = sourcecode.swift; path = "String+Extensions.swift"; sourceTree = "<group>"; };
		F76D85182DC3F8FF0000F441 /* Groups.swift */ = {isa = PBXFileReference; lastKnownFileType = sourcecode.swift; path = Groups.swift; sourceTree = "<group>"; };
		F76D851A2DC3F9A50000F441 /* Model.swift */ = {isa = PBXFileReference; lastKnownFileType = sourcecode.swift; path = Model.swift; sourceTree = "<group>"; };
		F7B8AD392DC1698500AE2D9F /* FriendDetailView.swift */ = {isa = PBXFileReference; fileEncoding = 4; lastKnownFileType = sourcecode.swift; path = FriendDetailView.swift; sourceTree = "<group>"; };
		F7B8AD3B2DC1699800AE2D9F /* GroupDetailView.swift */ = {isa = PBXFileReference; fileEncoding = 4; lastKnownFileType = sourcecode.swift; path = GroupDetailView.swift; sourceTree = "<group>"; };
		F7B8AD4A2DC175BA00AE2D9F /* GoogleService-Info.plist */ = {isa = PBXFileReference; fileEncoding = 4; lastKnownFileType = text.plist.xml; path = "GoogleService-Info.plist"; sourceTree = "<group>"; };
		F7BB788C2DD1936F0057DC9A /* Camera.swift */ = {isa = PBXFileReference; lastKnownFileType = sourcecode.swift; path = Camera.swift; sourceTree = "<group>"; };
		F7BB788E2DD193970057DC9A /* CameraPreview.swift */ = {isa = PBXFileReference; lastKnownFileType = sourcecode.swift; path = CameraPreview.swift; sourceTree = "<group>"; };
		F7BB78902DD193BC0057DC9A /* CameraUI.swift */ = {isa = PBXFileReference; lastKnownFileType = sourcecode.swift; path = CameraUI.swift; sourceTree = "<group>"; };
		F7BB78922DD193D90057DC9A /* ImageView.swift */ = {isa = PBXFileReference; lastKnownFileType = sourcecode.swift; path = ImageView.swift; sourceTree = "<group>"; };
		F7BB78942DD194080057DC9A /* TextRecognition.swift */ = {isa = PBXFileReference; lastKnownFileType = sourcecode.swift; path = TextRecognition.swift; sourceTree = "<group>"; };
		F7BB78962DD194310057DC9A /* TranscriptView.swift */ = {isa = PBXFileReference; lastKnownFileType = sourcecode.swift; path = TranscriptView.swift; sourceTree = "<group>"; };
		F7BB78982DD194720057DC9A /* PromptpayView.swift */ = {isa = PBXFileReference; lastKnownFileType = sourcecode.swift; path = PromptpayView.swift; sourceTree = "<group>"; };
		F7BB789A2DD194AC0057DC9A /* ExchangeView.swift */ = {isa = PBXFileReference; lastKnownFileType = sourcecode.swift; path = ExchangeView.swift; sourceTree = "<group>"; };
		F7DA0EAC2DBCEC9B00DD8016 /* KlaHan.app */ = {isa = PBXFileReference; explicitFileType = wrapper.application; includeInIndex = 0; path = KlaHan.app; sourceTree = BUILT_PRODUCTS_DIR; };
		F7DA0EAF2DBCEC9B00DD8016 /* KlaHanApp.swift */ = {isa = PBXFileReference; lastKnownFileType = sourcecode.swift; path = KlaHanApp.swift; sourceTree = "<group>"; };
		F7DA0EB12DBCEC9B00DD8016 /* ContentView.swift */ = {isa = PBXFileReference; lastKnownFileType = sourcecode.swift; path = ContentView.swift; sourceTree = "<group>"; };
		F7DA0EB32DBCEC9D00DD8016 /* Assets.xcassets */ = {isa = PBXFileReference; lastKnownFileType = folder.assetcatalog; path = Assets.xcassets; sourceTree = "<group>"; };
		F7DA0EB62DBCEC9D00DD8016 /* Preview Assets.xcassets */ = {isa = PBXFileReference; lastKnownFileType = folder.assetcatalog; path = "Preview Assets.xcassets"; sourceTree = "<group>"; };
/* End PBXFileReference section */

/* Begin PBXFrameworksBuildPhase section */
		F7DA0EA92DBCEC9B00DD8016 /* Frameworks */ = {
			isa = PBXFrameworksBuildPhase;
			buildActionMask = 2147483647;
			files = (
				F79139762DC17A3D00C4E6D9 /* FirebaseAnalytics in Frameworks */,
				F76D15362DC24FF1001056E6 /* FirebaseFirestore in Frameworks */,
				F76D15302DC22E5A001056E6 /* FirebaseDatabase in Frameworks */,
				F76D850F2DC3EC0B0000F441 /* FirebaseStorage in Frameworks */,
				F79139822DC17A3D00C4E6D9 /* FirebaseAuth in Frameworks */,
			);
			runOnlyForDeploymentPostprocessing = 0;
		};
/* End PBXFrameworksBuildPhase section */

/* Begin PBXGroup section */
		F76D152A2DC22AC3001056E6 /* Frameworks */ = {
			isa = PBXGroup;
			children = (
			);
			name = Frameworks;
			sourceTree = "<group>";
		};
		F76D85132DC3F68E0000F441 /* Extensions */ = {
			isa = PBXGroup;
			children = (
				F76D85142DC3F6DE0000F441 /* String+Extensions.swift */,
			);
			path = Extensions;
			sourceTree = "<group>";
		};
		F76D85172DC3F8F10000F441 /* Model */ = {
			isa = PBXGroup;
			children = (
				F76D85182DC3F8FF0000F441 /* Groups.swift */,
				F76D851A2DC3F9A50000F441 /* Model.swift */,
				F76D15332DC23CA4001056E6 /* AuthManager.swift */,
			);
			path = Model;
			sourceTree = "<group>";
		};
		F78663152DC6ADFC009A12BF /* Community */ = {
			isa = PBXGroup;
			children = (
				39D6F2952DC1511F008C84DE /* CommunityView.swift */,
				F76D15382DC2BC93001056E6 /* AddFriendView.swift */,
				F7B8AD392DC1698500AE2D9F /* FriendDetailView.swift */,
				39D6F2972DC1517F008C84DE /* FriendListView.swift */,
				F76D85102DC3F0050000F441 /* CreateGroupView.swift */,
				F7B8AD3B2DC1699800AE2D9F /* GroupDetailView.swift */,
				39D6F2992DC1519A008C84DE /* GroupListView.swift */,
				F731AA2C2DCAC28000DEB0E7 /* GroupInvitationInboxView.swift */,
			);
			path = Community;
			sourceTree = "<group>";
		};
		F78663162DC6AE25009A12BF /* Auth */ = {
			isa = PBXGroup;
			children = (
				F70F6D102DBFEC1400C24C27 /* LoginView.swift */,
				F70F6D122DBFEC2400C24C27 /* RegisterView.swift */,
			);
			path = Auth;
			sourceTree = "<group>";
		};
		F78663172DC6AE3F009A12BF /* Profile */ = {
			isa = PBXGroup;
			children = (
				3919A5E52DBFF02A0024B201 /* ProfileView.swift */,
				39A475D72DD23D21000F87AF /* ChangePassView.swift */,
				39A475D82DD23D21000F87AF /* InformationView.swift */,
				3919A5E72DBFF0420024B201 /* CustomizeView.swift */,
			);
			path = Profile;
			sourceTree = "<group>";
		};
		F78663192DC6AE71009A12BF /* Activity */ = {
			isa = PBXGroup;
			children = (
				39D6F29D2DC151F8008C84DE /* TrendView.swift */,
				397A50BF2DD3EA9300A70D1B /* TransactionRecord.swift */,
			);
			path = Activity;
			sourceTree = "<group>";
		};
		F786631A2DC6AE93009A12BF /* Payment */ = {
			isa = PBXGroup;
			children = (
				3919A5E32DBFF0170024B201 /* TopUpView.swift */,
				39A475D52DD23D06000F87AF /* CoinStatusView.swift */,
				F7BB78982DD194720057DC9A /* PromptpayView.swift */,
				F7BB789A2DD194AC0057DC9A /* ExchangeView.swift */,
			);
			path = Payment;
			sourceTree = "<group>";
		};
		F786631B2DC6AEB2009A12BF /* Scan */ = {
			isa = PBXGroup;
			children = (
				3919A5E12DBFEFFD0024B201 /* ScanView.swift */,
				F7BB788C2DD1936F0057DC9A /* Camera.swift */,
				F7BB788E2DD193970057DC9A /* CameraPreview.swift */,
				F7BB78902DD193BC0057DC9A /* CameraUI.swift */,
				F7BB78922DD193D90057DC9A /* ImageView.swift */,
				F7BB78942DD194080057DC9A /* TextRecognition.swift */,
				F7BB78962DD194310057DC9A /* TranscriptView.swift */,
				39A475DD2DD25386000F87AF /* TranscriptSelectionView.swift */,
			);
			path = Scan;
			sourceTree = "<group>";
		};
		F7DA0EA32DBCEC9B00DD8016 = {
			isa = PBXGroup;
			children = (
				F7DA0EAE2DBCEC9B00DD8016 /* KlaHan */,
				F7DA0EAD2DBCEC9B00DD8016 /* Products */,
				F76D152A2DC22AC3001056E6 /* Frameworks */,
			);
			sourceTree = "<group>";
		};
		F7DA0EAD2DBCEC9B00DD8016 /* Products */ = {
			isa = PBXGroup;
			children = (
				F7DA0EAC2DBCEC9B00DD8016 /* KlaHan.app */,
			);
			name = Products;
			sourceTree = "<group>";
		};
		F7DA0EAE2DBCEC9B00DD8016 /* KlaHan */ = {
			isa = PBXGroup;
			children = (
				F786631B2DC6AEB2009A12BF /* Scan */,
				F786631A2DC6AE93009A12BF /* Payment */,
				F78663192DC6AE71009A12BF /* Activity */,
				F78663172DC6AE3F009A12BF /* Profile */,
				F78663162DC6AE25009A12BF /* Auth */,
				F78663152DC6ADFC009A12BF /* Community */,
				F76D85172DC3F8F10000F441 /* Model */,
				F76D85132DC3F68E0000F441 /* Extensions */,
				F7DA0EAF2DBCEC9B00DD8016 /* KlaHanApp.swift */,
				F7DA0EB12DBCEC9B00DD8016 /* ContentView.swift */,
				397A50C12DD3EF9D00A70D1B /* NotificationView.swift */,
				F70F6D142DBFEC2F00C24C27 /* HomeView.swift */,
				F7DA0EB32DBCEC9D00DD8016 /* Assets.xcassets */,
				F7B8AD4A2DC175BA00AE2D9F /* GoogleService-Info.plist */,
				F7DA0EB52DBCEC9D00DD8016 /* Preview Content */,
			);
			path = KlaHan;
			sourceTree = "<group>";
		};
		F7DA0EB52DBCEC9D00DD8016 /* Preview Content */ = {
			isa = PBXGroup;
			children = (
				F7DA0EB62DBCEC9D00DD8016 /* Preview Assets.xcassets */,
			);
			path = "Preview Content";
			sourceTree = "<group>";
		};
/* End PBXGroup section */

/* Begin PBXNativeTarget section */
		F7DA0EAB2DBCEC9B00DD8016 /* KlaHan */ = {
			isa = PBXNativeTarget;
			buildConfigurationList = F7DA0EBA2DBCEC9D00DD8016 /* Build configuration list for PBXNativeTarget "KlaHan" */;
			buildPhases = (
				F7DA0EA82DBCEC9B00DD8016 /* Sources */,
				F7DA0EA92DBCEC9B00DD8016 /* Frameworks */,
				F7DA0EAA2DBCEC9B00DD8016 /* Resources */,
			);
			buildRules = (
			);
			dependencies = (
			);
			name = KlaHan;
			packageProductDependencies = (
				F79139752DC17A3D00C4E6D9 /* FirebaseAnalytics */,
				F79139812DC17A3D00C4E6D9 /* FirebaseAuth */,
				F76D152F2DC22E5A001056E6 /* FirebaseDatabase */,
				F76D15352DC24FF1001056E6 /* FirebaseFirestore */,
				F76D850E2DC3EC0B0000F441 /* FirebaseStorage */,
			);
			productName = KlaHan;
			productReference = F7DA0EAC2DBCEC9B00DD8016 /* KlaHan.app */;
			productType = "com.apple.product-type.application";
		};
/* End PBXNativeTarget section */

/* Begin PBXProject section */
		F7DA0EA42DBCEC9B00DD8016 /* Project object */ = {
			isa = PBXProject;
			attributes = {
				BuildIndependentTargetsInParallel = 1;
				LastSwiftUpdateCheck = 1520;
				LastUpgradeCheck = 1520;
				TargetAttributes = {
					F7DA0EAB2DBCEC9B00DD8016 = {
						CreatedOnToolsVersion = 15.2;
					};
				};
			};
			buildConfigurationList = F7DA0EA72DBCEC9B00DD8016 /* Build configuration list for PBXProject "KlaHan" */;
			compatibilityVersion = "Xcode 14.0";
			developmentRegion = en;
			hasScannedForEncodings = 0;
			knownRegions = (
				en,
				Base,
			);
			mainGroup = F7DA0EA32DBCEC9B00DD8016;
			packageReferences = (
				F79139742DC17A3D00C4E6D9 /* XCRemoteSwiftPackageReference "firebase-ios-sdk" */,
			);
			productRefGroup = F7DA0EAD2DBCEC9B00DD8016 /* Products */;
			projectDirPath = "";
			projectRoot = "";
			targets = (
				F7DA0EAB2DBCEC9B00DD8016 /* KlaHan */,
			);
		};
/* End PBXProject section */

/* Begin PBXResourcesBuildPhase section */
		F7DA0EAA2DBCEC9B00DD8016 /* Resources */ = {
			isa = PBXResourcesBuildPhase;
			buildActionMask = 2147483647;
			files = (
				F7DA0EB72DBCEC9D00DD8016 /* Preview Assets.xcassets in Resources */,
				F7DA0EB42DBCEC9D00DD8016 /* Assets.xcassets in Resources */,
				F7B8AD4B2DC175BA00AE2D9F /* GoogleService-Info.plist in Resources */,
			);
			runOnlyForDeploymentPostprocessing = 0;
		};
/* End PBXResourcesBuildPhase section */

/* Begin PBXSourcesBuildPhase section */
		F7DA0EA82DBCEC9B00DD8016 /* Sources */ = {
			isa = PBXSourcesBuildPhase;
			buildActionMask = 2147483647;
			files = (
				F76D851B2DC3F9A50000F441 /* Model.swift in Sources */,
				39D6F29E2DC151F8008C84DE /* TrendView.swift in Sources */,
				397A50C02DD3EA9300A70D1B /* TransactionRecord.swift in Sources */,
				3919A5E62DBFF02A0024B201 /* ProfileView.swift in Sources */,
				39A475DE2DD25386000F87AF /* TranscriptSelectionView.swift in Sources */,
				F7BB78912DD193BC0057DC9A /* CameraUI.swift in Sources */,
				F7BB78932DD193D90057DC9A /* ImageView.swift in Sources */,
				F7BB78992DD194720057DC9A /* PromptpayView.swift in Sources */,
				F7B8AD3C2DC1699800AE2D9F /* GroupDetailView.swift in Sources */,
				F76D85192DC3F8FF0000F441 /* Groups.swift in Sources */,
				F7BB78952DD194080057DC9A /* TextRecognition.swift in Sources */,
				F70F6D112DBFEC1400C24C27 /* LoginView.swift in Sources */,
				F70F6D132DBFEC2400C24C27 /* RegisterView.swift in Sources */,
				3919A5E42DBFF0170024B201 /* TopUpView.swift in Sources */,
				3919A5E82DBFF0420024B201 /* CustomizeView.swift in Sources */,
				F7BB789B2DD194AC0057DC9A /* ExchangeView.swift in Sources */,
				F7BB788F2DD193970057DC9A /* CameraPreview.swift in Sources */,
				F76D15342DC23CA4001056E6 /* AuthManager.swift in Sources */,
				F7DA0EB22DBCEC9B00DD8016 /* ContentView.swift in Sources */,
				F70F6D152DBFEC2F00C24C27 /* HomeView.swift in Sources */,
				F7BB78972DD194310057DC9A /* TranscriptView.swift in Sources */,
				39A475D62DD23D06000F87AF /* CoinStatusView.swift in Sources */,
				F76D85112DC3F0050000F441 /* CreateGroupView.swift in Sources */,
				F7DA0EB02DBCEC9B00DD8016 /* KlaHanApp.swift in Sources */,
				39D6F2982DC1517F008C84DE /* FriendListView.swift in Sources */,
				F76D85152DC3F6DE0000F441 /* String+Extensions.swift in Sources */,
				39A475D92DD23D21000F87AF /* ChangePassView.swift in Sources */,
				39A475DA2DD23D21000F87AF /* InformationView.swift in Sources */,
				39D6F2962DC1511F008C84DE /* CommunityView.swift in Sources */,
				F76D15392DC2BC93001056E6 /* AddFriendView.swift in Sources */,
				F7BB788D2DD1936F0057DC9A /* Camera.swift in Sources */,
				39D6F29A2DC1519A008C84DE /* GroupListView.swift in Sources */,
				3919A5E22DBFEFFD0024B201 /* ScanView.swift in Sources */,
				F731AA2D2DCAC28000DEB0E7 /* GroupInvitationInboxView.swift in Sources */,
				F7B8AD3A2DC1698500AE2D9F /* FriendDetailView.swift in Sources */,
				397A50C22DD3EF9D00A70D1B /* NotificationView.swift in Sources */,
			);
			runOnlyForDeploymentPostprocessing = 0;
		};
/* End PBXSourcesBuildPhase section */

/* Begin XCBuildConfiguration section */
		F7DA0EB82DBCEC9D00DD8016 /* Debug */ = {
			isa = XCBuildConfiguration;
			buildSettings = {
				ALWAYS_SEARCH_USER_PATHS = NO;
				ASSETCATALOG_COMPILER_GENERATE_SWIFT_ASSET_SYMBOL_EXTENSIONS = YES;
				CLANG_ANALYZER_NONNULL = YES;
				CLANG_ANALYZER_NUMBER_OBJECT_CONVERSION = YES_AGGRESSIVE;
				CLANG_CXX_LANGUAGE_STANDARD = "gnu++20";
				CLANG_ENABLE_MODULES = YES;
				CLANG_ENABLE_OBJC_ARC = YES;
				CLANG_ENABLE_OBJC_WEAK = YES;
				CLANG_WARN_BLOCK_CAPTURE_AUTORELEASING = YES;
				CLANG_WARN_BOOL_CONVERSION = YES;
				CLANG_WARN_COMMA = YES;
				CLANG_WARN_CONSTANT_CONVERSION = YES;
				CLANG_WARN_DEPRECATED_OBJC_IMPLEMENTATIONS = YES;
				CLANG_WARN_DIRECT_OBJC_ISA_USAGE = YES_ERROR;
				CLANG_WARN_DOCUMENTATION_COMMENTS = YES;
				CLANG_WARN_EMPTY_BODY = YES;
				CLANG_WARN_ENUM_CONVERSION = YES;
				CLANG_WARN_INFINITE_RECURSION = YES;
				CLANG_WARN_INT_CONVERSION = YES;
				CLANG_WARN_NON_LITERAL_NULL_CONVERSION = YES;
				CLANG_WARN_OBJC_IMPLICIT_RETAIN_SELF = YES;
				CLANG_WARN_OBJC_LITERAL_CONVERSION = YES;
				CLANG_WARN_OBJC_ROOT_CLASS = YES_ERROR;
				CLANG_WARN_QUOTED_INCLUDE_IN_FRAMEWORK_HEADER = YES;
				CLANG_WARN_RANGE_LOOP_ANALYSIS = YES;
				CLANG_WARN_STRICT_PROTOTYPES = YES;
				CLANG_WARN_SUSPICIOUS_MOVE = YES;
				CLANG_WARN_UNGUARDED_AVAILABILITY = YES_AGGRESSIVE;
				CLANG_WARN_UNREACHABLE_CODE = YES;
				CLANG_WARN__DUPLICATE_METHOD_MATCH = YES;
				COPY_PHASE_STRIP = NO;
				DEBUG_INFORMATION_FORMAT = dwarf;
				ENABLE_STRICT_OBJC_MSGSEND = YES;
				ENABLE_TESTABILITY = YES;
				ENABLE_USER_SCRIPT_SANDBOXING = YES;
				GCC_C_LANGUAGE_STANDARD = gnu17;
				GCC_DYNAMIC_NO_PIC = NO;
				GCC_NO_COMMON_BLOCKS = YES;
				GCC_OPTIMIZATION_LEVEL = 0;
				GCC_PREPROCESSOR_DEFINITIONS = (
					"DEBUG=1",
					"$(inherited)",
				);
				GCC_WARN_64_TO_32_BIT_CONVERSION = YES;
				GCC_WARN_ABOUT_RETURN_TYPE = YES_ERROR;
				GCC_WARN_UNDECLARED_SELECTOR = YES;
				GCC_WARN_UNINITIALIZED_AUTOS = YES_AGGRESSIVE;
				GCC_WARN_UNUSED_FUNCTION = YES;
				GCC_WARN_UNUSED_VARIABLE = YES;
				IPHONEOS_DEPLOYMENT_TARGET = 17.2;
				LOCALIZATION_PREFERS_STRING_CATALOGS = YES;
				MTL_ENABLE_DEBUG_INFO = INCLUDE_SOURCE;
				MTL_FAST_MATH = YES;
				ONLY_ACTIVE_ARCH = YES;
				SDKROOT = iphoneos;
				SWIFT_ACTIVE_COMPILATION_CONDITIONS = "DEBUG $(inherited)";
				SWIFT_OPTIMIZATION_LEVEL = "-Onone";
			};
			name = Debug;
		};
		F7DA0EB92DBCEC9D00DD8016 /* Release */ = {
			isa = XCBuildConfiguration;
			buildSettings = {
				ALWAYS_SEARCH_USER_PATHS = NO;
				ASSETCATALOG_COMPILER_GENERATE_SWIFT_ASSET_SYMBOL_EXTENSIONS = YES;
				CLANG_ANALYZER_NONNULL = YES;
				CLANG_ANALYZER_NUMBER_OBJECT_CONVERSION = YES_AGGRESSIVE;
				CLANG_CXX_LANGUAGE_STANDARD = "gnu++20";
				CLANG_ENABLE_MODULES = YES;
				CLANG_ENABLE_OBJC_ARC = YES;
				CLANG_ENABLE_OBJC_WEAK = YES;
				CLANG_WARN_BLOCK_CAPTURE_AUTORELEASING = YES;
				CLANG_WARN_BOOL_CONVERSION = YES;
				CLANG_WARN_COMMA = YES;
				CLANG_WARN_CONSTANT_CONVERSION = YES;
				CLANG_WARN_DEPRECATED_OBJC_IMPLEMENTATIONS = YES;
				CLANG_WARN_DIRECT_OBJC_ISA_USAGE = YES_ERROR;
				CLANG_WARN_DOCUMENTATION_COMMENTS = YES;
				CLANG_WARN_EMPTY_BODY = YES;
				CLANG_WARN_ENUM_CONVERSION = YES;
				CLANG_WARN_INFINITE_RECURSION = YES;
				CLANG_WARN_INT_CONVERSION = YES;
				CLANG_WARN_NON_LITERAL_NULL_CONVERSION = YES;
				CLANG_WARN_OBJC_IMPLICIT_RETAIN_SELF = YES;
				CLANG_WARN_OBJC_LITERAL_CONVERSION = YES;
				CLANG_WARN_OBJC_ROOT_CLASS = YES_ERROR;
				CLANG_WARN_QUOTED_INCLUDE_IN_FRAMEWORK_HEADER = YES;
				CLANG_WARN_RANGE_LOOP_ANALYSIS = YES;
				CLANG_WARN_STRICT_PROTOTYPES = YES;
				CLANG_WARN_SUSPICIOUS_MOVE = YES;
				CLANG_WARN_UNGUARDED_AVAILABILITY = YES_AGGRESSIVE;
				CLANG_WARN_UNREACHABLE_CODE = YES;
				CLANG_WARN__DUPLICATE_METHOD_MATCH = YES;
				COPY_PHASE_STRIP = NO;
				DEBUG_INFORMATION_FORMAT = "dwarf-with-dsym";
				ENABLE_NS_ASSERTIONS = NO;
				ENABLE_STRICT_OBJC_MSGSEND = YES;
				ENABLE_USER_SCRIPT_SANDBOXING = YES;
				GCC_C_LANGUAGE_STANDARD = gnu17;
				GCC_NO_COMMON_BLOCKS = YES;
				GCC_WARN_64_TO_32_BIT_CONVERSION = YES;
				GCC_WARN_ABOUT_RETURN_TYPE = YES_ERROR;
				GCC_WARN_UNDECLARED_SELECTOR = YES;
				GCC_WARN_UNINITIALIZED_AUTOS = YES_AGGRESSIVE;
				GCC_WARN_UNUSED_FUNCTION = YES;
				GCC_WARN_UNUSED_VARIABLE = YES;
				IPHONEOS_DEPLOYMENT_TARGET = 17.2;
				LOCALIZATION_PREFERS_STRING_CATALOGS = YES;
				MTL_ENABLE_DEBUG_INFO = NO;
				MTL_FAST_MATH = YES;
				SDKROOT = iphoneos;
				SWIFT_COMPILATION_MODE = wholemodule;
				VALIDATE_PRODUCT = YES;
			};
			name = Release;
		};
		F7DA0EBB2DBCEC9D00DD8016 /* Debug */ = {
			isa = XCBuildConfiguration;
			buildSettings = {
				ASSETCATALOG_COMPILER_APPICON_NAME = AppIcon;
				ASSETCATALOG_COMPILER_GLOBAL_ACCENT_COLOR_NAME = AccentColor;
				CODE_SIGN_ENTITLEMENTS = KlaHan/KlaHan.entitlements;
				CODE_SIGN_IDENTITY = "Apple Development";
				CODE_SIGN_STYLE = Automatic;
				CURRENT_PROJECT_VERSION = 1;
				DEVELOPMENT_ASSET_PATHS = "\"KlaHan/Preview Content\"";
				DEVELOPMENT_TEAM = N4GP5HK5R4;
				ENABLE_PREVIEWS = YES;
				GENERATE_INFOPLIST_FILE = YES;
				INFOPLIST_FILE = KlaHan/Info.plist;
				INFOPLIST_KEY_CFBundleDisplayName = KlaHan;
				INFOPLIST_KEY_NSCameraUsageDescription = "use camera";
				INFOPLIST_KEY_NSContactsUsageDescription = "ขออนุญาตเข้าถึงช่องทางการติดต่อ";
				INFOPLIST_KEY_UIApplicationSceneManifest_Generation = YES;
				INFOPLIST_KEY_UIApplicationSupportsIndirectInputEvents = YES;
				INFOPLIST_KEY_UILaunchScreen_Generation = YES;
				INFOPLIST_KEY_UISupportedInterfaceOrientations_iPad = "UIInterfaceOrientationPortrait UIInterfaceOrientationPortraitUpsideDown UIInterfaceOrientationLandscapeLeft UIInterfaceOrientationLandscapeRight";
				INFOPLIST_KEY_UISupportedInterfaceOrientations_iPhone = "UIInterfaceOrientationPortrait UIInterfaceOrientationLandscapeLeft UIInterfaceOrientationLandscapeRight";
				IPHONEOS_DEPLOYMENT_TARGET = 18.0;
				LD_RUNPATH_SEARCH_PATHS = (
					"$(inherited)",
					"@executable_path/Frameworks",
				);
				MARKETING_VERSION = 1.0;
				PRODUCT_BUNDLE_IDENTIFIER = io.monet.KlaHan;
				PRODUCT_NAME = "$(TARGET_NAME)";
				PROVISIONING_PROFILE_SPECIFIER = "";
				SWIFT_EMIT_LOC_STRINGS = YES;
				SWIFT_VERSION = 5.0;
				TARGETED_DEVICE_FAMILY = "1,2";
			};
			name = Debug;
		};
		F7DA0EBC2DBCEC9D00DD8016 /* Release */ = {
			isa = XCBuildConfiguration;
			buildSettings = {
				ASSETCATALOG_COMPILER_APPICON_NAME = AppIcon;
				ASSETCATALOG_COMPILER_GLOBAL_ACCENT_COLOR_NAME = AccentColor;
				CODE_SIGN_ENTITLEMENTS = KlaHan/KlaHan.entitlements;
				CODE_SIGN_IDENTITY = "Apple Development";
				CODE_SIGN_STYLE = Automatic;
				CURRENT_PROJECT_VERSION = 1;
				DEVELOPMENT_ASSET_PATHS = "\"KlaHan/Preview Content\"";
				DEVELOPMENT_TEAM = N4GP5HK5R4;
				ENABLE_PREVIEWS = YES;
				GENERATE_INFOPLIST_FILE = YES;
				INFOPLIST_FILE = KlaHan/Info.plist;
				INFOPLIST_KEY_CFBundleDisplayName = KlaHan;
				INFOPLIST_KEY_NSCameraUsageDescription = "use camera";
				INFOPLIST_KEY_NSContactsUsageDescription = "ขออนุญาตเข้าถึงช่องทางการติดต่อ";
				INFOPLIST_KEY_UIApplicationSceneManifest_Generation = YES;
				INFOPLIST_KEY_UIApplicationSupportsIndirectInputEvents = YES;
				INFOPLIST_KEY_UILaunchScreen_Generation = YES;
				INFOPLIST_KEY_UISupportedInterfaceOrientations_iPad = "UIInterfaceOrientationPortrait UIInterfaceOrientationPortraitUpsideDown UIInterfaceOrientationLandscapeLeft UIInterfaceOrientationLandscapeRight";
				INFOPLIST_KEY_UISupportedInterfaceOrientations_iPhone = "UIInterfaceOrientationPortrait UIInterfaceOrientationLandscapeLeft UIInterfaceOrientationLandscapeRight";
				IPHONEOS_DEPLOYMENT_TARGET = 18.0;
				LD_RUNPATH_SEARCH_PATHS = (
					"$(inherited)",
					"@executable_path/Frameworks",
				);
				MARKETING_VERSION = 1.0;
				PRODUCT_BUNDLE_IDENTIFIER = io.monet.KlaHan;
				PRODUCT_NAME = "$(TARGET_NAME)";
				PROVISIONING_PROFILE_SPECIFIER = "";
				SWIFT_EMIT_LOC_STRINGS = YES;
				SWIFT_VERSION = 5.0;
				TARGETED_DEVICE_FAMILY = "1,2";
			};
			name = Release;
		};
/* End XCBuildConfiguration section */

/* Begin XCConfigurationList section */
		F7DA0EA72DBCEC9B00DD8016 /* Build configuration list for PBXProject "KlaHan" */ = {
			isa = XCConfigurationList;
			buildConfigurations = (
				F7DA0EB82DBCEC9D00DD8016 /* Debug */,
				F7DA0EB92DBCEC9D00DD8016 /* Release */,
			);
			defaultConfigurationIsVisible = 0;
			defaultConfigurationName = Release;
		};
		F7DA0EBA2DBCEC9D00DD8016 /* Build configuration list for PBXNativeTarget "KlaHan" */ = {
			isa = XCConfigurationList;
			buildConfigurations = (
				F7DA0EBB2DBCEC9D00DD8016 /* Debug */,
				F7DA0EBC2DBCEC9D00DD8016 /* Release */,
			);
			defaultConfigurationIsVisible = 0;
			defaultConfigurationName = Release;
		};
/* End XCConfigurationList section */

/* Begin XCRemoteSwiftPackageReference section */
		F79139742DC17A3D00C4E6D9 /* XCRemoteSwiftPackageReference "firebase-ios-sdk" */ = {
			isa = XCRemoteSwiftPackageReference;
			repositoryURL = "https://github.com/firebase/firebase-ios-sdk.git";
			requirement = {
				kind = exactVersion;
				version = 11.10.0;
			};
		};
/* End XCRemoteSwiftPackageReference section */

/* Begin XCSwiftPackageProductDependency section */
		F76D152F2DC22E5A001056E6 /* FirebaseDatabase */ = {
			isa = XCSwiftPackageProductDependency;
			package = F79139742DC17A3D00C4E6D9 /* XCRemoteSwiftPackageReference "firebase-ios-sdk" */;
			productName = FirebaseDatabase;
		};
		F76D15352DC24FF1001056E6 /* FirebaseFirestore */ = {
			isa = XCSwiftPackageProductDependency;
			package = F79139742DC17A3D00C4E6D9 /* XCRemoteSwiftPackageReference "firebase-ios-sdk" */;
			productName = FirebaseFirestore;
		};
		F76D850E2DC3EC0B0000F441 /* FirebaseStorage */ = {
			isa = XCSwiftPackageProductDependency;
			package = F79139742DC17A3D00C4E6D9 /* XCRemoteSwiftPackageReference "firebase-ios-sdk" */;
			productName = FirebaseStorage;
		};
		F79139752DC17A3D00C4E6D9 /* FirebaseAnalytics */ = {
			isa = XCSwiftPackageProductDependency;
			package = F79139742DC17A3D00C4E6D9 /* XCRemoteSwiftPackageReference "firebase-ios-sdk" */;
			productName = FirebaseAnalytics;
		};
		F79139812DC17A3D00C4E6D9 /* FirebaseAuth */ = {
			isa = XCSwiftPackageProductDependency;
			package = F79139742DC17A3D00C4E6D9 /* XCRemoteSwiftPackageReference "firebase-ios-sdk" */;
			productName = FirebaseAuth;
		};
/* End XCSwiftPackageProductDependency section */
	};
	rootObject = F7DA0EA42DBCEC9B00DD8016 /* Project object */;
}
